
Microsoft Visual Studio Solution File, Format Version 12.00
# Visual Studio Version 16
VisualStudioVersion = 16.0.31129.286
MinimumVisualStudioVersion = 10.0.40219.1
Project("{FAE04EC0-301F-11D3-BF4B-00C04F79EFBC}") = "Testtt", "Testtt\Testtt.csproj", "{94E6EB73-97CA-4E50-808F-74EF38340579}"
EndProject
Global
	GlobalSection(SolutionConfigurationPlatforms) = preSolution
		Debug|Any CPU = Debug|Any CPU
		Release|Any CPU = Release|Any CPU
	EndGlobalSection
	GlobalSection(ProjectConfigurationPlatforms) = postSolution
		{94E6EB73-97CA-4E50-808F-74EF38340579}.Debug|Any CPU.ActiveCfg = Debug|Any CPU
		{94E6EB73-97CA-4E50-808F-74EF38340579}.Debug|Any CPU.Build.0 = Debug|Any CPU
		{94E6EB73-97CA-4E50-808F-74EF38340579}.Release|Any CPU.ActiveCfg = Release|Any CPU
		{94E6EB73-97CA-4E50-808F-74EF38340579}.Release|Any CPU.Build.0 = Release|Any CPU
	EndGlobalSection
	GlobalSection(SolutionProperties) = preSolution
		HideSolutionNode = FALSE
	EndGlobalSection
	GlobalSection(ExtensibilityGlobals) = postSolution
		SolutionGuid = {B9ACF5D2-2FBD-40AF-8BF4-9809AED3EF5E}
	EndGlobalSection
EndGlobal
